
Microsoft Visual Studio Solution File, Format Version 12.00
# Visual Studio Version 16
VisualStudioVersion = 16.0.29215.179
MinimumVisualStudioVersion = 10.0.40219.1
Project("{FAE04EC0-301F-11D3-BF4B-00C04F79EFBC}") = "DALProyecto", "DALProyecto\DALProyecto.csproj", "{B8C7BE1F-2FA4-451D-855B-18E196471E73}"
EndProject
Project("{FAE04EC0-301F-11D3-BF4B-00C04F79EFBC}") = "BLLProyecto", "BLLProyecto\BLLProyecto.csproj", "{B1ECD90A-214C-4FE3-A7CC-6F74666AA353}"
EndProject
Project("{FAE04EC0-301F-11D3-BF4B-00C04F79EFBC}") = "RestAPI_TODO", "RestAPI_TODO\RestAPI_TODO.csproj", "{A2C4E44D-5379-4A80-AE11-928D6F814D5B}"
EndProject
Global
	GlobalSection(SolutionConfigurationPlatforms) = preSolution
		Debug|Any CPU = Debug|Any CPU
		Release|Any CPU = Release|Any CPU
	EndGlobalSection
	GlobalSection(ProjectConfigurationPlatforms) = postSolution
		{B8C7BE1F-2FA4-451D-855B-18E196471E73}.Debug|Any CPU.ActiveCfg = Debug|Any CPU
		{B8C7BE1F-2FA4-451D-855B-18E196471E73}.Debug|Any CPU.Build.0 = Debug|Any CPU
		{B8C7BE1F-2FA4-451D-855B-18E196471E73}.Release|Any CPU.ActiveCfg = Release|Any CPU
		{B8C7BE1F-2FA4-451D-855B-18E196471E73}.Release|Any CPU.Build.0 = Release|Any CPU
		{B1ECD90A-214C-4FE3-A7CC-6F74666AA353}.Debug|Any CPU.ActiveCfg = Debug|Any CPU
		{B1ECD90A-214C-4FE3-A7CC-6F74666AA353}.Debug|Any CPU.Build.0 = Debug|Any CPU
		{B1ECD90A-214C-4FE3-A7CC-6F74666AA353}.Release|Any CPU.ActiveCfg = Release|Any CPU
		{B1ECD90A-214C-4FE3-A7CC-6F74666AA353}.Release|Any CPU.Build.0 = Release|Any CPU
		{A2C4E44D-5379-4A80-AE11-928D6F814D5B}.Debug|Any CPU.ActiveCfg = Debug|Any CPU
		{A2C4E44D-5379-4A80-AE11-928D6F814D5B}.Debug|Any CPU.Build.0 = Debug|Any CPU
		{A2C4E44D-5379-4A80-AE11-928D6F814D5B}.Release|Any CPU.ActiveCfg = Release|Any CPU
		{A2C4E44D-5379-4A80-AE11-928D6F814D5B}.Release|Any CPU.Build.0 = Release|Any CPU
	EndGlobalSection
	GlobalSection(SolutionProperties) = preSolution
		HideSolutionNode = FALSE
	EndGlobalSection
	GlobalSection(ExtensibilityGlobals) = postSolution
		SolutionGuid = {99FFCE94-F206-4C4B-9075-401C8198F23B}
	EndGlobalSection
EndGlobal
